// !$*UTF8*$!
{
	archiveVersion = 1;
	classes = {
	};
	objectVersion = 46;
	objects = {

/* Begin PBXBuildFile section */
		033AB33D1F310B2D00BA737D /* PagingMenuController.framework in Frameworks */ = {isa = PBXBuildFile; fileRef = 033AB33C1F310B2D00BA737D /* PagingMenuController.framework */; };
		03D44E0F1F31028C00A8CA74 /* AppDelegate.swift in Sources */ = {isa = PBXBuildFile; fileRef = 03D44E0E1F31028C00A8CA74 /* AppDelegate.swift */; };
		03D44E111F31028C00A8CA74 /* ViewController.swift in Sources */ = {isa = PBXBuildFile; fileRef = 03D44E101F31028C00A8CA74 /* ViewController.swift */; };
		03D44E141F31028C00A8CA74 /* Main.storyboard in Resources */ = {isa = PBXBuildFile; fileRef = 03D44E121F31028C00A8CA74 /* Main.storyboard */; };
		03D44E161F31028C00A8CA74 /* Assets.xcassets in Resources */ = {isa = PBXBuildFile; fileRef = 03D44E151F31028C00A8CA74 /* Assets.xcassets */; };
		03D44E191F31028C00A8CA74 /* LaunchScreen.storyboard in Resources */ = {isa = PBXBuildFile; fileRef = 03D44E171F31028C00A8CA74 /* LaunchScreen.storyboard */; };
		03D44E241F31028C00A8CA74 /* mobile_ui_testing_iosTests.swift in Sources */ = {isa = PBXBuildFile; fileRef = 03D44E231F31028C00A8CA74 /* mobile_ui_testing_iosTests.swift */; };
		03D44E2F1F31028C00A8CA74 /* mobile_ui_testing_iosUITests.swift in Sources */ = {isa = PBXBuildFile; fileRef = 03D44E2E1F31028C00A8CA74 /* mobile_ui_testing_iosUITests.swift */; };
		4E082EA5DB827512A2BD0CDF /* Pods_mobile_ui_testing_iosUITests.framework in Frameworks */ = {isa = PBXBuildFile; fileRef = 9D4A5D8B80F582F22C969F3C /* Pods_mobile_ui_testing_iosUITests.framework */; };
		50D76CE07A9DC49F059D2F27 /* Pods_mobile_ui_testing_ios.framework in Frameworks */ = {isa = PBXBuildFile; fileRef = 0DF7AB767B46B829CCF9515E /* Pods_mobile_ui_testing_ios.framework */; };
		B6B02EB95982C4F69BDD69C2 /* Pods_mobile_ui_testing_iosTests.framework in Frameworks */ = {isa = PBXBuildFile; fileRef = 0F3D7C5FEFE40BC9FEEE478A /* Pods_mobile_ui_testing_iosTests.framework */; };
/* End PBXBuildFile section */

/* Begin PBXContainerItemProxy section */
		03D44E201F31028C00A8CA74 /* PBXContainerItemProxy */ = {
			isa = PBXContainerItemProxy;
			containerPortal = 03D44E031F31028C00A8CA74 /* Project object */;
			proxyType = 1;
			remoteGlobalIDString = 03D44E0A1F31028C00A8CA74;
			remoteInfo = "mobile-ui-testing-ios";
		};
		03D44E2B1F31028C00A8CA74 /* PBXContainerItemProxy */ = {
			isa = PBXContainerItemProxy;
			containerPortal = 03D44E031F31028C00A8CA74 /* Project object */;
			proxyType = 1;
			remoteGlobalIDString = 03D44E0A1F31028C00A8CA74;
			remoteInfo = "mobile-ui-testing-ios";
		};
/* End PBXContainerItemProxy section */

/* Begin PBXFileReference section */
		033AB33C1F310B2D00BA737D /* PagingMenuController.framework */ = {isa = PBXFileReference; lastKnownFileType = wrapper.framework; name = PagingMenuController.framework; path = Carthage/Build/iOS/PagingMenuController.framework; sourceTree = "<group>"; };
		03D44E0B1F31028C00A8CA74 /* mobile-ui-testing-ios.app */ = {isa = PBXFileReference; explicitFileType = wrapper.application; includeInIndex = 0; path = "mobile-ui-testing-ios.app"; sourceTree = BUILT_PRODUCTS_DIR; };
		03D44E0E1F31028C00A8CA74 /* AppDelegate.swift */ = {isa = PBXFileReference; lastKnownFileType = sourcecode.swift; path = AppDelegate.swift; sourceTree = "<group>"; };
		03D44E101F31028C00A8CA74 /* ViewController.swift */ = {isa = PBXFileReference; lastKnownFileType = sourcecode.swift; path = ViewController.swift; sourceTree = "<group>"; };
		03D44E131F31028C00A8CA74 /* Base */ = {isa = PBXFileReference; lastKnownFileType = file.storyboard; name = Base; path = Base.lproj/Main.storyboard; sourceTree = "<group>"; };
		03D44E151F31028C00A8CA74 /* Assets.xcassets */ = {isa = PBXFileReference; lastKnownFileType = folder.assetcatalog; path = Assets.xcassets; sourceTree = "<group>"; };
		03D44E181F31028C00A8CA74 /* Base */ = {isa = PBXFileReference; lastKnownFileType = file.storyboard; name = Base; path = Base.lproj/LaunchScreen.storyboard; sourceTree = "<group>"; };
		03D44E1A1F31028C00A8CA74 /* Info.plist */ = {isa = PBXFileReference; lastKnownFileType = text.plist.xml; path = Info.plist; sourceTree = "<group>"; };
		03D44E1F1F31028C00A8CA74 /* mobile-ui-testing-iosTests.xctest */ = {isa = PBXFileReference; explicitFileType = wrapper.cfbundle; includeInIndex = 0; path = "mobile-ui-testing-iosTests.xctest"; sourceTree = BUILT_PRODUCTS_DIR; };
		03D44E231F31028C00A8CA74 /* mobile_ui_testing_iosTests.swift */ = {isa = PBXFileReference; lastKnownFileType = sourcecode.swift; path = mobile_ui_testing_iosTests.swift; sourceTree = "<group>"; };
		03D44E251F31028C00A8CA74 /* Info.plist */ = {isa = PBXFileReference; lastKnownFileType = text.plist.xml; path = Info.plist; sourceTree = "<group>"; };
		03D44E2A1F31028C00A8CA74 /* mobile-ui-testing-iosUITests.xctest */ = {isa = PBXFileReference; explicitFileType = wrapper.cfbundle; includeInIndex = 0; path = "mobile-ui-testing-iosUITests.xctest"; sourceTree = BUILT_PRODUCTS_DIR; };
		03D44E2E1F31028C00A8CA74 /* mobile_ui_testing_iosUITests.swift */ = {isa = PBXFileReference; lastKnownFileType = sourcecode.swift; path = mobile_ui_testing_iosUITests.swift; sourceTree = "<group>"; };
		03D44E301F31028C00A8CA74 /* Info.plist */ = {isa = PBXFileReference; lastKnownFileType = text.plist.xml; path = Info.plist; sourceTree = "<group>"; };
		0DF7AB767B46B829CCF9515E /* Pods_mobile_ui_testing_ios.framework */ = {isa = PBXFileReference; explicitFileType = wrapper.framework; includeInIndex = 0; path = Pods_mobile_ui_testing_ios.framework; sourceTree = BUILT_PRODUCTS_DIR; };
		0F3D7C5FEFE40BC9FEEE478A /* Pods_mobile_ui_testing_iosTests.framework */ = {isa = PBXFileReference; explicitFileType = wrapper.framework; includeInIndex = 0; path = Pods_mobile_ui_testing_iosTests.framework; sourceTree = BUILT_PRODUCTS_DIR; };
		34D8D01958D11D64B8EF7CA3 /* Pods-mobile-ui-testing-iosTests.debug.xcconfig */ = {isa = PBXFileReference; includeInIndex = 1; lastKnownFileType = text.xcconfig; name = "Pods-mobile-ui-testing-iosTests.debug.xcconfig"; path = "Pods/Target Support Files/Pods-mobile-ui-testing-iosTests/Pods-mobile-ui-testing-iosTests.debug.xcconfig"; sourceTree = "<group>"; };
		7912FBBB44A35272B32BB286 /* Pods-mobile-ui-testing-ios.release.xcconfig */ = {isa = PBXFileReference; includeInIndex = 1; lastKnownFileType = text.xcconfig; name = "Pods-mobile-ui-testing-ios.release.xcconfig"; path = "Pods/Target Support Files/Pods-mobile-ui-testing-ios/Pods-mobile-ui-testing-ios.release.xcconfig"; sourceTree = "<group>"; };
		845CDC384D383BFB38C14D9C /* Pods-mobile-ui-testing-ios.debug.xcconfig */ = {isa = PBXFileReference; includeInIndex = 1; lastKnownFileType = text.xcconfig; name = "Pods-mobile-ui-testing-ios.debug.xcconfig"; path = "Pods/Target Support Files/Pods-mobile-ui-testing-ios/Pods-mobile-ui-testing-ios.debug.xcconfig"; sourceTree = "<group>"; };
		9D4A5D8B80F582F22C969F3C /* Pods_mobile_ui_testing_iosUITests.framework */ = {isa = PBXFileReference; explicitFileType = wrapper.framework; includeInIndex = 0; path = Pods_mobile_ui_testing_iosUITests.framework; sourceTree = BUILT_PRODUCTS_DIR; };
		B14DD68C375506A867909433 /* Pods-mobile-ui-testing-iosUITests.release.xcconfig */ = {isa = PBXFileReference; includeInIndex = 1; lastKnownFileType = text.xcconfig; name = "Pods-mobile-ui-testing-iosUITests.release.xcconfig"; path = "Pods/Target Support Files/Pods-mobile-ui-testing-iosUITests/Pods-mobile-ui-testing-iosUITests.release.xcconfig"; sourceTree = "<group>"; };
		B80B94009C9A6DD68FAA3ED0 /* Pods-mobile-ui-testing-iosTests.release.xcconfig */ = {isa = PBXFileReference; includeInIndex = 1; lastKnownFileType = text.xcconfig; name = "Pods-mobile-ui-testing-iosTests.release.xcconfig"; path = "Pods/Target Support Files/Pods-mobile-ui-testing-iosTests/Pods-mobile-ui-testing-iosTests.release.xcconfig"; sourceTree = "<group>"; };
		BD7F98CECFA492952942AEE0 /* Pods-mobile-ui-testing-iosUITests.debug.xcconfig */ = {isa = PBXFileReference; includeInIndex = 1; lastKnownFileType = text.xcconfig; name = "Pods-mobile-ui-testing-iosUITests.debug.xcconfig"; path = "Pods/Target Support Files/Pods-mobile-ui-testing-iosUITests/Pods-mobile-ui-testing-iosUITests.debug.xcconfig"; sourceTree = "<group>"; };
/* End PBXFileReference section */

/* Begin PBXFrameworksBuildPhase section */
		03D44E081F31028C00A8CA74 /* Frameworks */ = {
			isa = PBXFrameworksBuildPhase;
			buildActionMask = 2147483647;
			files = (
				50D76CE07A9DC49F059D2F27 /* Pods_mobile_ui_testing_ios.framework in Frameworks */,
				033AB33D1F310B2D00BA737D /* PagingMenuController.framework in Frameworks */,
			);
			runOnlyForDeploymentPostprocessing = 0;
		};
		03D44E1C1F31028C00A8CA74 /* Frameworks */ = {
			isa = PBXFrameworksBuildPhase;
			buildActionMask = 2147483647;
			files = (
				B6B02EB95982C4F69BDD69C2 /* Pods_mobile_ui_testing_iosTests.framework in Frameworks */,
			);
			runOnlyForDeploymentPostprocessing = 0;
		};
		03D44E271F31028C00A8CA74 /* Frameworks */ = {
			isa = PBXFrameworksBuildPhase;
			buildActionMask = 2147483647;
			files = (
				4E082EA5DB827512A2BD0CDF /* Pods_mobile_ui_testing_iosUITests.framework in Frameworks */,
			);
			runOnlyForDeploymentPostprocessing = 0;
		};
/* End PBXFrameworksBuildPhase section */

/* Begin PBXGroup section */
		03D44E021F31028C00A8CA74 = {
			isa = PBXGroup;
			children = (
				03D44E0D1F31028C00A8CA74 /* mobile-ui-testing-ios */,
				03D44E221F31028C00A8CA74 /* mobile-ui-testing-iosTests */,
				03D44E2D1F31028C00A8CA74 /* mobile-ui-testing-iosUITests */,
				03D44E0C1F31028C00A8CA74 /* Products */,
				3B7E08ACEB25F233FBE1E998 /* Pods */,
				648CBCA0EA2A757392E391FB /* Frameworks */,
			);
			sourceTree = "<group>";
		};
		03D44E0C1F31028C00A8CA74 /* Products */ = {
			isa = PBXGroup;
			children = (
				03D44E0B1F31028C00A8CA74 /* mobile-ui-testing-ios.app */,
				03D44E1F1F31028C00A8CA74 /* mobile-ui-testing-iosTests.xctest */,
				03D44E2A1F31028C00A8CA74 /* mobile-ui-testing-iosUITests.xctest */,
			);
			name = Products;
			sourceTree = "<group>";
		};
		03D44E0D1F31028C00A8CA74 /* mobile-ui-testing-ios */ = {
			isa = PBXGroup;
			children = (
				03D44E0E1F31028C00A8CA74 /* AppDelegate.swift */,
				03D44E101F31028C00A8CA74 /* ViewController.swift */,
				03D44E121F31028C00A8CA74 /* Main.storyboard */,
				03D44E151F31028C00A8CA74 /* Assets.xcassets */,
				03D44E171F31028C00A8CA74 /* LaunchScreen.storyboard */,
				03D44E1A1F31028C00A8CA74 /* Info.plist */,
			);
			path = "mobile-ui-testing-ios";
			sourceTree = "<group>";
		};
		03D44E221F31028C00A8CA74 /* mobile-ui-testing-iosTests */ = {
			isa = PBXGroup;
			children = (
				03D44E231F31028C00A8CA74 /* mobile_ui_testing_iosTests.swift */,
				03D44E251F31028C00A8CA74 /* Info.plist */,
			);
			path = "mobile-ui-testing-iosTests";
			sourceTree = "<group>";
		};
		03D44E2D1F31028C00A8CA74 /* mobile-ui-testing-iosUITests */ = {
			isa = PBXGroup;
			children = (
				03D44E2E1F31028C00A8CA74 /* mobile_ui_testing_iosUITests.swift */,
				03D44E301F31028C00A8CA74 /* Info.plist */,
			);
			path = "mobile-ui-testing-iosUITests";
			sourceTree = "<group>";
		};
		3B7E08ACEB25F233FBE1E998 /* Pods */ = {
			isa = PBXGroup;
			children = (
				845CDC384D383BFB38C14D9C /* Pods-mobile-ui-testing-ios.debug.xcconfig */,
				7912FBBB44A35272B32BB286 /* Pods-mobile-ui-testing-ios.release.xcconfig */,
				34D8D01958D11D64B8EF7CA3 /* Pods-mobile-ui-testing-iosTests.debug.xcconfig */,
				B80B94009C9A6DD68FAA3ED0 /* Pods-mobile-ui-testing-iosTests.release.xcconfig */,
				BD7F98CECFA492952942AEE0 /* Pods-mobile-ui-testing-iosUITests.debug.xcconfig */,
				B14DD68C375506A867909433 /* Pods-mobile-ui-testing-iosUITests.release.xcconfig */,
			);
			name = Pods;
			sourceTree = "<group>";
		};
		648CBCA0EA2A757392E391FB /* Frameworks */ = {
			isa = PBXGroup;
			children = (
				033AB33C1F310B2D00BA737D /* PagingMenuController.framework */,
				0DF7AB767B46B829CCF9515E /* Pods_mobile_ui_testing_ios.framework */,
				0F3D7C5FEFE40BC9FEEE478A /* Pods_mobile_ui_testing_iosTests.framework */,
				9D4A5D8B80F582F22C969F3C /* Pods_mobile_ui_testing_iosUITests.framework */,
			);
			name = Frameworks;
			sourceTree = "<group>";
		};
/* End PBXGroup section */

/* Begin PBXNativeTarget section */
		03D44E0A1F31028C00A8CA74 /* mobile-ui-testing-ios */ = {
			isa = PBXNativeTarget;
			buildConfigurationList = 03D44E331F31028C00A8CA74 /* Build configuration list for PBXNativeTarget "mobile-ui-testing-ios" */;
			buildPhases = (
				63212627C389E7FDE0784397 /* [CP] Check Pods Manifest.lock */,
				03D44E071F31028C00A8CA74 /* Sources */,
				03D44E081F31028C00A8CA74 /* Frameworks */,
				03D44E091F31028C00A8CA74 /* Resources */,
				EB9B600AC61AC189B2FEBBA1 /* [CP] Embed Pods Frameworks */,
				EC319E005906F35E1F3B4076 /* [CP] Copy Pods Resources */,
				033AB33E1F310B4A00BA737D /* ShellScript */,
			);
			buildRules = (
			);
			dependencies = (
			);
			name = "mobile-ui-testing-ios";
			productName = "mobile-ui-testing-ios";
			productReference = 03D44E0B1F31028C00A8CA74 /* mobile-ui-testing-ios.app */;
			productType = "com.apple.product-type.application";
		};
		03D44E1E1F31028C00A8CA74 /* mobile-ui-testing-iosTests */ = {
			isa = PBXNativeTarget;
			buildConfigurationList = 03D44E361F31028C00A8CA74 /* Build configuration list for PBXNativeTarget "mobile-ui-testing-iosTests" */;
			buildPhases = (
				CD4D1A225F3EC7162A09DDA4 /* [CP] Check Pods Manifest.lock */,
				03D44E1B1F31028C00A8CA74 /* Sources */,
				03D44E1C1F31028C00A8CA74 /* Frameworks */,
				03D44E1D1F31028C00A8CA74 /* Resources */,
				8954DF273C775FA3B3B1E90C /* [CP] Embed Pods Frameworks */,
				51E9992D867481B9282D0FEB /* [CP] Copy Pods Resources */,
			);
			buildRules = (
			);
			dependencies = (
				03D44E211F31028C00A8CA74 /* PBXTargetDependency */,
			);
			name = "mobile-ui-testing-iosTests";
			productName = "mobile-ui-testing-iosTests";
			productReference = 03D44E1F1F31028C00A8CA74 /* mobile-ui-testing-iosTests.xctest */;
			productType = "com.apple.product-type.bundle.unit-test";
		};
		03D44E291F31028C00A8CA74 /* mobile-ui-testing-iosUITests */ = {
			isa = PBXNativeTarget;
			buildConfigurationList = 03D44E391F31028C00A8CA74 /* Build configuration list for PBXNativeTarget "mobile-ui-testing-iosUITests" */;
			buildPhases = (
				F773178B93A9B7FFEFDD158C /* [CP] Check Pods Manifest.lock */,
				03D44E261F31028C00A8CA74 /* Sources */,
				03D44E271F31028C00A8CA74 /* Frameworks */,
				03D44E281F31028C00A8CA74 /* Resources */,
				C107480546D79D072E9562ED /* [CP] Embed Pods Frameworks */,
				0788E0932E12818B6C21F23A /* [CP] Copy Pods Resources */,
			);
			buildRules = (
			);
			dependencies = (
				03D44E2C1F31028C00A8CA74 /* PBXTargetDependency */,
			);
			name = "mobile-ui-testing-iosUITests";
			productName = "mobile-ui-testing-iosUITests";
			productReference = 03D44E2A1F31028C00A8CA74 /* mobile-ui-testing-iosUITests.xctest */;
			productType = "com.apple.product-type.bundle.ui-testing";
		};
/* End PBXNativeTarget section */

/* Begin PBXProject section */
		03D44E031F31028C00A8CA74 /* Project object */ = {
			isa = PBXProject;
			attributes = {
				LastSwiftUpdateCheck = 0830;
				LastUpgradeCheck = 0830;
				ORGANIZATIONNAME = "Tomohiro Murota";
				TargetAttributes = {
					03D44E0A1F31028C00A8CA74 = {
						CreatedOnToolsVersion = 8.3.3;
						DevelopmentTeam = MZQZM76GFP;
						ProvisioningStyle = Automatic;
					};
					03D44E1E1F31028C00A8CA74 = {
						CreatedOnToolsVersion = 8.3.3;
						DevelopmentTeam = MZQZM76GFP;
						ProvisioningStyle = Automatic;
						TestTargetID = 03D44E0A1F31028C00A8CA74;
					};
					03D44E291F31028C00A8CA74 = {
						CreatedOnToolsVersion = 8.3.3;
						DevelopmentTeam = MZQZM76GFP;
						ProvisioningStyle = Automatic;
						TestTargetID = 03D44E0A1F31028C00A8CA74;
					};
				};
			};
			buildConfigurationList = 03D44E061F31028C00A8CA74 /* Build configuration list for PBXProject "mobile-ui-testing-ios" */;
			compatibilityVersion = "Xcode 3.2";
			developmentRegion = English;
			hasScannedForEncodings = 0;
			knownRegions = (
				en,
				Base,
			);
			mainGroup = 03D44E021F31028C00A8CA74;
			productRefGroup = 03D44E0C1F31028C00A8CA74 /* Products */;
			projectDirPath = "";
			projectRoot = "";
			targets = (
				03D44E0A1F31028C00A8CA74 /* mobile-ui-testing-ios */,
				03D44E1E1F31028C00A8CA74 /* mobile-ui-testing-iosTests */,
				03D44E291F31028C00A8CA74 /* mobile-ui-testing-iosUITests */,
			);
		};
/* End PBXProject section */

/* Begin PBXResourcesBuildPhase section */
		03D44E091F31028C00A8CA74 /* Resources */ = {
			isa = PBXResourcesBuildPhase;
			buildActionMask = 2147483647;
			files = (
				03D44E191F31028C00A8CA74 /* LaunchScreen.storyboard in Resources */,
				03D44E161F31028C00A8CA74 /* Assets.xcassets in Resources */,
				03D44E141F31028C00A8CA74 /* Main.storyboard in Resources */,
			);
			runOnlyForDeploymentPostprocessing = 0;
		};
		03D44E1D1F31028C00A8CA74 /* Resources */ = {
			isa = PBXResourcesBuildPhase;
			buildActionMask = 2147483647;
			files = (
			);
			runOnlyForDeploymentPostprocessing = 0;
		};
		03D44E281F31028C00A8CA74 /* Resources */ = {
			isa = PBXResourcesBuildPhase;
			buildActionMask = 2147483647;
			files = (
			);
			runOnlyForDeploymentPostprocessing = 0;
		};
/* End PBXResourcesBuildPhase section */

/* Begin PBXShellScriptBuildPhase section */
		033AB33E1F310B4A00BA737D /* ShellScript */ = {
			isa = PBXShellScriptBuildPhase;
			buildActionMask = 2147483647;
			files = (
			);
			inputPaths = (
				"$(SRCROOT)/Carthage/Build/iOS/PagingMenuController.framework",
			);
			outputPaths = (
			);
			runOnlyForDeploymentPostprocessing = 0;
			shellPath = /bin/sh;
			shellScript = "/usr/local/bin/carthage copy-frameworks";
		};
		0788E0932E12818B6C21F23A /* [CP] Copy Pods Resources */ = {
			isa = PBXShellScriptBuildPhase;
			buildActionMask = 2147483647;
			files = (
			);
			inputPaths = (
			);
			name = "[CP] Copy Pods Resources";
			outputPaths = (
			);
			runOnlyForDeploymentPostprocessing = 0;
			shellPath = /bin/sh;
			shellScript = "\"${SRCROOT}/Pods/Target Support Files/Pods-mobile-ui-testing-iosUITests/Pods-mobile-ui-testing-iosUITests-resources.sh\"\n";
			showEnvVarsInLog = 0;
		};
		51E9992D867481B9282D0FEB /* [CP] Copy Pods Resources */ = {
			isa = PBXShellScriptBuildPhase;
			buildActionMask = 2147483647;
			files = (
			);
			inputPaths = (
			);
			name = "[CP] Copy Pods Resources";
			outputPaths = (
			);
			runOnlyForDeploymentPostprocessing = 0;
			shellPath = /bin/sh;
			shellScript = "\"${SRCROOT}/Pods/Target Support Files/Pods-mobile-ui-testing-iosTests/Pods-mobile-ui-testing-iosTests-resources.sh\"\n";
			showEnvVarsInLog = 0;
		};
		63212627C389E7FDE0784397 /* [CP] Check Pods Manifest.lock */ = {
			isa = PBXShellScriptBuildPhase;
			buildActionMask = 2147483647;
			files = (
			);
			inputPaths = (
			);
			name = "[CP] Check Pods Manifest.lock";
			outputPaths = (
			);
			runOnlyForDeploymentPostprocessing = 0;
			shellPath = /bin/sh;
			shellScript = "diff \"${PODS_PODFILE_DIR_PATH}/Podfile.lock\" \"${PODS_ROOT}/Manifest.lock\" > /dev/null\nif [ $? != 0 ] ; then\n    # print error to STDERR\n    echo \"error: The sandbox is not in sync with the Podfile.lock. Run 'pod install' or update your CocoaPods installation.\" >&2\n    exit 1\nfi\n";
			showEnvVarsInLog = 0;
		};
		8954DF273C775FA3B3B1E90C /* [CP] Embed Pods Frameworks */ = {
			isa = PBXShellScriptBuildPhase;
			buildActionMask = 2147483647;
			files = (
			);
			inputPaths = (
			);
			name = "[CP] Embed Pods Frameworks";
			outputPaths = (
			);
			runOnlyForDeploymentPostprocessing = 0;
			shellPath = /bin/sh;
			shellScript = "\"${SRCROOT}/Pods/Target Support Files/Pods-mobile-ui-testing-iosTests/Pods-mobile-ui-testing-iosTests-frameworks.sh\"\n";
			showEnvVarsInLog = 0;
		};
		C107480546D79D072E9562ED /* [CP] Embed Pods Frameworks */ = {
			isa = PBXShellScriptBuildPhase;
			buildActionMask = 2147483647;
			files = (
			);
			inputPaths = (
			);
			name = "[CP] Embed Pods Frameworks";
			outputPaths = (
			);
			runOnlyForDeploymentPostprocessing = 0;
			shellPath = /bin/sh;
			shellScript = "\"${SRCROOT}/Pods/Target Support Files/Pods-mobile-ui-testing-iosUITests/Pods-mobile-ui-testing-iosUITests-frameworks.sh\"\n";
			showEnvVarsInLog = 0;
		};
		CD4D1A225F3EC7162A09DDA4 /* [CP] Check Pods Manifest.lock */ = {
			isa = PBXShellScriptBuildPhase;
			buildActionMask = 2147483647;
			files = (
			);
			inputPaths = (
			);
			name = "[CP] Check Pods Manifest.lock";
			outputPaths = (
			);
			runOnlyForDeploymentPostprocessing = 0;
			shellPath = /bin/sh;
			shellScript = "diff \"${PODS_PODFILE_DIR_PATH}/Podfile.lock\" \"${PODS_ROOT}/Manifest.lock\" > /dev/null\nif [ $? != 0 ] ; then\n    # print error to STDERR\n    echo \"error: The sandbox is not in sync with the Podfile.lock. Run 'pod install' or update your CocoaPods installation.\" >&2\n    exit 1\nfi\n";
			showEnvVarsInLog = 0;
		};
		EB9B600AC61AC189B2FEBBA1 /* [CP] Embed Pods Frameworks */ = {
			isa = PBXShellScriptBuildPhase;
			buildActionMask = 2147483647;
			files = (
			);
			inputPaths = (
			);
			name = "[CP] Embed Pods Frameworks";
			outputPaths = (
			);
			runOnlyForDeploymentPostprocessing = 0;
			shellPath = /bin/sh;
			shellScript = "\"${SRCROOT}/Pods/Target Support Files/Pods-mobile-ui-testing-ios/Pods-mobile-ui-testing-ios-frameworks.sh\"\n";
			showEnvVarsInLog = 0;
		};
		EC319E005906F35E1F3B4076 /* [CP] Copy Pods Resources */ = {
			isa = PBXShellScriptBuildPhase;
			buildActionMask = 2147483647;
			files = (
			);
			inputPaths = (
			);
			name = "[CP] Copy Pods Resources";
			outputPaths = (
			);
			runOnlyForDeploymentPostprocessing = 0;
			shellPath = /bin/sh;
			shellScript = "\"${SRCROOT}/Pods/Target Support Files/Pods-mobile-ui-testing-ios/Pods-mobile-ui-testing-ios-resources.sh\"\n";
			showEnvVarsInLog = 0;
		};
		F773178B93A9B7FFEFDD158C /* [CP] Check Pods Manifest.lock */ = {
			isa = PBXShellScriptBuildPhase;
			buildActionMask = 2147483647;
			files = (
			);
			inputPaths = (
			);
			name = "[CP] Check Pods Manifest.lock";
			outputPaths = (
			);
			runOnlyForDeploymentPostprocessing = 0;
			shellPath = /bin/sh;
			shellScript = "diff \"${PODS_PODFILE_DIR_PATH}/Podfile.lock\" \"${PODS_ROOT}/Manifest.lock\" > /dev/null\nif [ $? != 0 ] ; then\n    # print error to STDERR\n    echo \"error: The sandbox is not in sync with the Podfile.lock. Run 'pod install' or update your CocoaPods installation.\" >&2\n    exit 1\nfi\n";
			showEnvVarsInLog = 0;
		};
/* End PBXShellScriptBuildPhase section */

/* Begin PBXSourcesBuildPhase section */
		03D44E071F31028C00A8CA74 /* Sources */ = {
			isa = PBXSourcesBuildPhase;
			buildActionMask = 2147483647;
			files = (
				03D44E111F31028C00A8CA74 /* ViewController.swift in Sources */,
				03D44E0F1F31028C00A8CA74 /* AppDelegate.swift in Sources */,
			);
			runOnlyForDeploymentPostprocessing = 0;
		};
		03D44E1B1F31028C00A8CA74 /* Sources */ = {
			isa = PBXSourcesBuildPhase;
			buildActionMask = 2147483647;
			files = (
				03D44E241F31028C00A8CA74 /* mobile_ui_testing_iosTests.swift in Sources */,
			);
			runOnlyForDeploymentPostprocessing = 0;
		};
		03D44E261F31028C00A8CA74 /* Sources */ = {
			isa = PBXSourcesBuildPhase;
			buildActionMask = 2147483647;
			files = (
				03D44E2F1F31028C00A8CA74 /* mobile_ui_testing_iosUITests.swift in Sources */,
			);
			runOnlyForDeploymentPostprocessing = 0;
		};
/* End PBXSourcesBuildPhase section */

/* Begin PBXTargetDependency section */
		03D44E211F31028C00A8CA74 /* PBXTargetDependency */ = {
			isa = PBXTargetDependency;
			target = 03D44E0A1F31028C00A8CA74 /* mobile-ui-testing-ios */;
			targetProxy = 03D44E201F31028C00A8CA74 /* PBXContainerItemProxy */;
		};
		03D44E2C1F31028C00A8CA74 /* PBXTargetDependency */ = {
			isa = PBXTargetDependency;
			target = 03D44E0A1F31028C00A8CA74 /* mobile-ui-testing-ios */;
			targetProxy = 03D44E2B1F31028C00A8CA74 /* PBXContainerItemProxy */;
		};
/* End PBXTargetDependency section */

/* Begin PBXVariantGroup section */
		03D44E121F31028C00A8CA74 /* Main.storyboard */ = {
			isa = PBXVariantGroup;
			children = (
				03D44E131F31028C00A8CA74 /* Base */,
			);
			name = Main.storyboard;
			sourceTree = "<group>";
		};
		03D44E171F31028C00A8CA74 /* LaunchScreen.storyboard */ = {
			isa = PBXVariantGroup;
			children = (
				03D44E181F31028C00A8CA74 /* Base */,
			);
			name = LaunchScreen.storyboard;
			sourceTree = "<group>";
		};
/* End PBXVariantGroup section */

/* Begin XCBuildConfiguration section */
		03D44E311F31028C00A8CA74 /* Debug */ = {
			isa = XCBuildConfiguration;
			buildSettings = {
				ALWAYS_SEARCH_USER_PATHS = NO;
				CLANG_ANALYZER_NONNULL = YES;
				CLANG_ANALYZER_NUMBER_OBJECT_CONVERSION = YES_AGGRESSIVE;
				CLANG_CXX_LANGUAGE_STANDARD = "gnu++0x";
				CLANG_CXX_LIBRARY = "libc++";
				CLANG_ENABLE_MODULES = YES;
				CLANG_ENABLE_OBJC_ARC = YES;
				CLANG_WARN_BOOL_CONVERSION = YES;
				CLANG_WARN_CONSTANT_CONVERSION = YES;
				CLANG_WARN_DIRECT_OBJC_ISA_USAGE = YES_ERROR;
				CLANG_WARN_DOCUMENTATION_COMMENTS = YES;
				CLANG_WARN_EMPTY_BODY = YES;
				CLANG_WARN_ENUM_CONVERSION = YES;
				CLANG_WARN_INFINITE_RECURSION = YES;
				CLANG_WARN_INT_CONVERSION = YES;
				CLANG_WARN_OBJC_ROOT_CLASS = YES_ERROR;
				CLANG_WARN_SUSPICIOUS_MOVE = YES;
				CLANG_WARN_UNREACHABLE_CODE = YES;
				CLANG_WARN__DUPLICATE_METHOD_MATCH = YES;
				"CODE_SIGN_IDENTITY[sdk=iphoneos*]" = "iPhone Developer";
				COPY_PHASE_STRIP = NO;
				DEBUG_INFORMATION_FORMAT = dwarf;
				ENABLE_STRICT_OBJC_MSGSEND = YES;
				ENABLE_TESTABILITY = YES;
				GCC_C_LANGUAGE_STANDARD = gnu99;
				GCC_DYNAMIC_NO_PIC = NO;
				GCC_NO_COMMON_BLOCKS = YES;
				GCC_OPTIMIZATION_LEVEL = 0;
				GCC_PREPROCESSOR_DEFINITIONS = (
					"DEBUG=1",
					"$(inherited)",
				);
				GCC_WARN_64_TO_32_BIT_CONVERSION = YES;
				GCC_WARN_ABOUT_RETURN_TYPE = YES_ERROR;
				GCC_WARN_UNDECLARED_SELECTOR = YES;
				GCC_WARN_UNINITIALIZED_AUTOS = YES_AGGRESSIVE;
				GCC_WARN_UNUSED_FUNCTION = YES;
				GCC_WARN_UNUSED_VARIABLE = YES;
				IPHONEOS_DEPLOYMENT_TARGET = 9.3;
				MTL_ENABLE_DEBUG_INFO = YES;
				ONLY_ACTIVE_ARCH = YES;
				SDKROOT = iphoneos;
				SWIFT_ACTIVE_COMPILATION_CONDITIONS = DEBUG;
				SWIFT_OPTIMIZATION_LEVEL = "-Onone";
				TARGETED_DEVICE_FAMILY = "1,2";
			};
			name = Debug;
		};
		03D44E321F31028C00A8CA74 /* Release */ = {
			isa = XCBuildConfiguration;
			buildSettings = {
				ALWAYS_SEARCH_USER_PATHS = NO;
				CLANG_ANALYZER_NONNULL = YES;
				CLANG_ANALYZER_NUMBER_OBJECT_CONVERSION = YES_AGGRESSIVE;
				CLANG_CXX_LANGUAGE_STANDARD = "gnu++0x";
				CLANG_CXX_LIBRARY = "libc++";
				CLANG_ENABLE_MODULES = YES;
				CLANG_ENABLE_OBJC_ARC = YES;
				CLANG_WARN_BOOL_CONVERSION = YES;
				CLANG_WARN_CONSTANT_CONVERSION = YES;
				CLANG_WARN_DIRECT_OBJC_ISA_USAGE = YES_ERROR;
				CLANG_WARN_DOCUMENTATION_COMMENTS = YES;
				CLANG_WARN_EMPTY_BODY = YES;
				CLANG_WARN_ENUM_CONVERSION = YES;
				CLANG_WARN_INFINITE_RECURSION = YES;
				CLANG_WARN_INT_CONVERSION = YES;
				CLANG_WARN_OBJC_ROOT_CLASS = YES_ERROR;
				CLANG_WARN_SUSPICIOUS_MOVE = YES;
				CLANG_WARN_UNREACHABLE_CODE = YES;
				CLANG_WARN__DUPLICATE_METHOD_MATCH = YES;
				"CODE_SIGN_IDENTITY[sdk=iphoneos*]" = "iPhone Developer";
				COPY_PHASE_STRIP = NO;
				DEBUG_INFORMATION_FORMAT = "dwarf-with-dsym";
				ENABLE_NS_ASSERTIONS = NO;
				ENABLE_STRICT_OBJC_MSGSEND = YES;
				GCC_C_LANGUAGE_STANDARD = gnu99;
				GCC_NO_COMMON_BLOCKS = YES;
				GCC_WARN_64_TO_32_BIT_CONVERSION = YES;
				GCC_WARN_ABOUT_RETURN_TYPE = YES_ERROR;
				GCC_WARN_UNDECLARED_SELECTOR = YES;
				GCC_WARN_UNINITIALIZED_AUTOS = YES_AGGRESSIVE;
				GCC_WARN_UNUSED_FUNCTION = YES;
				GCC_WARN_UNUSED_VARIABLE = YES;
				IPHONEOS_DEPLOYMENT_TARGET = 9.3;
				MTL_ENABLE_DEBUG_INFO = NO;
				SDKROOT = iphoneos;
				SWIFT_OPTIMIZATION_LEVEL = "-Owholemodule";
				TARGETED_DEVICE_FAMILY = "1,2";
				VALIDATE_PRODUCT = YES;
			};
			name = Release;
		};
		03D44E341F31028C00A8CA74 /* Debug */ = {
			isa = XCBuildConfiguration;
			baseConfigurationReference = 845CDC384D383BFB38C14D9C /* Pods-mobile-ui-testing-ios.debug.xcconfig */;
			buildSettings = {
				ASSETCATALOG_COMPILER_APPICON_NAME = AppIcon;
				DEVELOPMENT_TEAM = MZQZM76GFP;
				FRAMEWORK_SEARCH_PATHS = (
					"$(inherited)",
					"$(PROJECT_DIR)/Carthage/Build/iOS",
				);
				INFOPLIST_FILE = "mobile-ui-testing-ios/Info.plist";
				IPHONEOS_DEPLOYMENT_TARGET = 9.3;
				LD_RUNPATH_SEARCH_PATHS = "$(inherited) @executable_path/Frameworks";
				PRODUCT_BUNDLE_IDENTIFIER = "biz.tearoom6.mobile-ui-testing-ios";
				PRODUCT_NAME = "$(TARGET_NAME)";
				SWIFT_VERSION = 3.0;
			};
			name = Debug;
		};
		03D44E351F31028C00A8CA74 /* Release */ = {
			isa = XCBuildConfiguration;
			baseConfigurationReference = 7912FBBB44A35272B32BB286 /* Pods-mobile-ui-testing-ios.release.xcconfig */;
			buildSettings = {
				ASSETCATALOG_COMPILER_APPICON_NAME = AppIcon;
				DEVELOPMENT_TEAM = MZQZM76GFP;
				FRAMEWORK_SEARCH_PATHS = (
					"$(inherited)",
					"$(PROJECT_DIR)/Carthage/Build/iOS",
				);
				INFOPLIST_FILE = "mobile-ui-testing-ios/Info.plist";
				IPHONEOS_DEPLOYMENT_TARGET = 9.3;
				LD_RUNPATH_SEARCH_PATHS = "$(inherited) @executable_path/Frameworks";
				PRODUCT_BUNDLE_IDENTIFIER = "biz.tearoom6.mobile-ui-testing-ios";
				PRODUCT_NAME = "$(TARGET_NAME)";
				SWIFT_VERSION = 3.0;
			};
			name = Release;
		};
		03D44E371F31028C00A8CA74 /* Debug */ = {
			isa = XCBuildConfiguration;
			baseConfigurationReference = 34D8D01958D11D64B8EF7CA3 /* Pods-mobile-ui-testing-iosTests.debug.xcconfig */;
			buildSettings = {
				ALWAYS_EMBED_SWIFT_STANDARD_LIBRARIES = YES;
				BUNDLE_LOADER = "$(TEST_HOST)";
				DEVELOPMENT_TEAM = MZQZM76GFP;
				INFOPLIST_FILE = "mobile-ui-testing-iosTests/Info.plist";
				LD_RUNPATH_SEARCH_PATHS = "$(inherited) @executable_path/Frameworks @loader_path/Frameworks";
				PRODUCT_BUNDLE_IDENTIFIER = "biz.tearoom6.mobile-ui-testing-iosTests";
				PRODUCT_NAME = "$(TARGET_NAME)";
				SWIFT_VERSION = 3.0;
				TEST_HOST = "$(BUILT_PRODUCTS_DIR)/mobile-ui-testing-ios.app/mobile-ui-testing-ios";
			};
			name = Debug;
		};
		03D44E381F31028C00A8CA74 /* Release */ = {
			isa = XCBuildConfiguration;
			baseConfigurationReference = B80B94009C9A6DD68FAA3ED0 /* Pods-mobile-ui-testing-iosTests.release.xcconfig */;
			buildSettings = {
				ALWAYS_EMBED_SWIFT_STANDARD_LIBRARIES = YES;
				BUNDLE_LOADER = "$(TEST_HOST)";
				DEVELOPMENT_TEAM = MZQZM76GFP;
				INFOPLIST_FILE = "mobile-ui-testing-iosTests/Info.plist";
				LD_RUNPATH_SEARCH_PATHS = "$(inherited) @executable_path/Frameworks @loader_path/Frameworks";
				PRODUCT_BUNDLE_IDENTIFIER = "biz.tearoom6.mobile-ui-testing-iosTests";
				PRODUCT_NAME = "$(TARGET_NAME)";
				SWIFT_VERSION = 3.0;
				TEST_HOST = "$(BUILT_PRODUCTS_DIR)/mobile-ui-testing-ios.app/mobile-ui-testing-ios";
			};
			name = Release;
		};
		03D44E3A1F31028C00A8CA74 /* Debug */ = {
			isa = XCBuildConfiguration;
			baseConfigurationReference = BD7F98CECFA492952942AEE0 /* Pods-mobile-ui-testing-iosUITests.debug.xcconfig */;
			buildSettings = {
				ALWAYS_EMBED_SWIFT_STANDARD_LIBRARIES = YES;
				DEVELOPMENT_TEAM = MZQZM76GFP;
				INFOPLIST_FILE = "mobile-ui-testing-iosUITests/Info.plist";
				LD_RUNPATH_SEARCH_PATHS = "$(inherited) @executable_path/Frameworks @loader_path/Frameworks";
				PRODUCT_BUNDLE_IDENTIFIER = "biz.tearoom6.mobile-ui-testing-iosUITests";
				PRODUCT_NAME = "$(TARGET_NAME)";
				SWIFT_VERSION = 3.0;
				TEST_TARGET_NAME = "mobile-ui-testing-ios";
			};
			name = Debug;
		};
		03D44E3B1F31028C00A8CA74 /* Release */ = {
			isa = XCBuildConfiguration;
			baseConfigurationReference = B14DD68C375506A867909433 /* Pods-mobile-ui-testing-iosUITests.release.xcconfig */;
			buildSettings = {
				ALWAYS_EMBED_SWIFT_STANDARD_LIBRARIES = YES;
				DEVELOPMENT_TEAM = MZQZM76GFP;
				INFOPLIST_FILE = "mobile-ui-testing-iosUITests/Info.plist";
				LD_RUNPATH_SEARCH_PATHS = "$(inherited) @executable_path/Frameworks @loader_path/Frameworks";
				PRODUCT_BUNDLE_IDENTIFIER = "biz.tearoom6.mobile-ui-testing-iosUITests";
				PRODUCT_NAME = "$(TARGET_NAME)";
				SWIFT_VERSION = 3.0;
				TEST_TARGET_NAME = "mobile-ui-testing-ios";
			};
			name = Release;
		};
/* End XCBuildConfiguration section */

/* Begin XCConfigurationList section */
		03D44E061F31028C00A8CA74 /* Build configuration list for PBXProject "mobile-ui-testing-ios" */ = {
			isa = XCConfigurationList;
			buildConfigurations = (
				03D44E311F31028C00A8CA74 /* Debug */,
				03D44E321F31028C00A8CA74 /* Release */,
			);
			defaultConfigurationIsVisible = 0;
			defaultConfigurationName = Release;
		};
		03D44E331F31028C00A8CA74 /* Build configuration list for PBXNativeTarget "mobile-ui-testing-ios" */ = {
			isa = XCConfigurationList;
			buildConfigurations = (
				03D44E341F31028C00A8CA74 /* Debug */,
				03D44E351F31028C00A8CA74 /* Release */,
			);
			defaultConfigurationIsVisible = 0;
			defaultConfigurationName = Release;
		};
		03D44E361F31028C00A8CA74 /* Build configuration list for PBXNativeTarget "mobile-ui-testing-iosTests" */ = {
			isa = XCConfigurationList;
			buildConfigurations = (
				03D44E371F31028C00A8CA74 /* Debug */,
				03D44E381F31028C00A8CA74 /* Release */,
			);
			defaultConfigurationIsVisible = 0;
			defaultConfigurationName = Release;
		};
		03D44E391F31028C00A8CA74 /* Build configuration list for PBXNativeTarget "mobile-ui-testing-iosUITests" */ = {
			isa = XCConfigurationList;
			buildConfigurations = (
				03D44E3A1F31028C00A8CA74 /* Debug */,
				03D44E3B1F31028C00A8CA74 /* Release */,
			);
			defaultConfigurationIsVisible = 0;
			defaultConfigurationName = Release;
		};
/* End XCConfigurationList section */
	};
	rootObject = 03D44E031F31028C00A8CA74 /* Project object */;
}
